
Microsoft Visual Studio Solution File, Format Version 12.00
# Visual Studio Version 16
VisualStudioVersion = 16.0.30517.126
MinimumVisualStudioVersion = 10.0.40219.1
Project("{FAE04EC0-301F-11D3-BF4B-00C04F79EFBC}") = "SeleniumNUnit", "SeleniumNUnit\SeleniumNUnit.csproj", "{F4F72871-D814-4901-8A9F-7AC08CFBC49E}"
EndProject
Global
	GlobalSection(SolutionConfigurationPlatforms) = preSolution
		Debug|Any CPU = Debug|Any CPU
		Release|Any CPU = Release|Any CPU
	EndGlobalSection
	GlobalSection(ProjectConfigurationPlatforms) = postSolution
		{F4F72871-D814-4901-8A9F-7AC08CFBC49E}.Debug|Any CPU.ActiveCfg = Debug|Any CPU
		{F4F72871-D814-4901-8A9F-7AC08CFBC49E}.Debug|Any CPU.Build.0 = Debug|Any CPU
		{F4F72871-D814-4901-8A9F-7AC08CFBC49E}.Release|Any CPU.ActiveCfg = Release|Any CPU
		{F4F72871-D814-4901-8A9F-7AC08CFBC49E}.Release|Any CPU.Build.0 = Release|Any CPU
	EndGlobalSection
	GlobalSection(SolutionProperties) = preSolution
		HideSolutionNode = FALSE
	EndGlobalSection
	GlobalSection(ExtensibilityGlobals) = postSolution
		SolutionGuid = {76051976-B5DC-4F77-BC45-EDC81823E368}
	EndGlobalSection
EndGlobal
